
Microsoft Visual Studio Solution File, Format Version 12.00
# Visual Studio Version 16
VisualStudioVersion = 16.0.31727.386
MinimumVisualStudioVersion = 10.0.40219.1
Project("{FAE04EC0-301F-11D3-BF4B-00C04F79EFBC}") = "Presentacion", "Presentacion.csproj", "{BB694CAE-5E96-4F40-87DB-33D3805E200C}"
EndProject
Project("{FAE04EC0-301F-11D3-BF4B-00C04F79EFBC}") = "libConexion", "..\libConexion\libConexion.csproj", "{B77B1F06-CCFD-47A7-BDD9-E7347EE8C239}"
EndProject
Project("{FAE04EC0-301F-11D3-BF4B-00C04F79EFBC}") = "libAccesoDatos", "..\libAccesoDatos\libAccesoDatos.csproj", "{B1296FEB-D6C3-4672-A75D-CCD69DEA79D7}"
EndProject
Project("{FAE04EC0-301F-11D3-BF4B-00C04F79EFBC}") = "libEntidades", "..\libEntidades\libEntidades.csproj", "{CAEBC610-AAC3-4F1A-9849-9D3E07D95173}"
EndProject
Project("{FAE04EC0-301F-11D3-BF4B-00C04F79EFBC}") = "libReglasNegocio", "..\libReglasNegocio\libReglasNegocio.csproj", "{5BA81BBB-FB87-4363-80D2-80BF3881C097}"
EndProject
Global
	GlobalSection(SolutionConfigurationPlatforms) = preSolution
		Debug|Any CPU = Debug|Any CPU
		Release|Any CPU = Release|Any CPU
	EndGlobalSection
	GlobalSection(ProjectConfigurationPlatforms) = postSolution
		{BB694CAE-5E96-4F40-87DB-33D3805E200C}.Debug|Any CPU.ActiveCfg = Debug|Any CPU
		{BB694CAE-5E96-4F40-87DB-33D3805E200C}.Debug|Any CPU.Build.0 = Debug|Any CPU
		{BB694CAE-5E96-4F40-87DB-33D3805E200C}.Release|Any CPU.ActiveCfg = Release|Any CPU
		{BB694CAE-5E96-4F40-87DB-33D3805E200C}.Release|Any CPU.Build.0 = Release|Any CPU
		{B77B1F06-CCFD-47A7-BDD9-E7347EE8C239}.Debug|Any CPU.ActiveCfg = Debug|Any CPU
		{B77B1F06-CCFD-47A7-BDD9-E7347EE8C239}.Debug|Any CPU.Build.0 = Debug|Any CPU
		{B77B1F06-CCFD-47A7-BDD9-E7347EE8C239}.Release|Any CPU.ActiveCfg = Release|Any CPU
		{B77B1F06-CCFD-47A7-BDD9-E7347EE8C239}.Release|Any CPU.Build.0 = Release|Any CPU
		{B1296FEB-D6C3-4672-A75D-CCD69DEA79D7}.Debug|Any CPU.ActiveCfg = Debug|Any CPU
		{B1296FEB-D6C3-4672-A75D-CCD69DEA79D7}.Debug|Any CPU.Build.0 = Debug|Any CPU
		{B1296FEB-D6C3-4672-A75D-CCD69DEA79D7}.Release|Any CPU.ActiveCfg = Release|Any CPU
		{B1296FEB-D6C3-4672-A75D-CCD69DEA79D7}.Release|Any CPU.Build.0 = Release|Any CPU
		{CAEBC610-AAC3-4F1A-9849-9D3E07D95173}.Debug|Any CPU.ActiveCfg = Debug|Any CPU
		{CAEBC610-AAC3-4F1A-9849-9D3E07D95173}.Debug|Any CPU.Build.0 = Debug|Any CPU
		{CAEBC610-AAC3-4F1A-9849-9D3E07D95173}.Release|Any CPU.ActiveCfg = Release|Any CPU
		{CAEBC610-AAC3-4F1A-9849-9D3E07D95173}.Release|Any CPU.Build.0 = Release|Any CPU
		{5BA81BBB-FB87-4363-80D2-80BF3881C097}.Debug|Any CPU.ActiveCfg = Debug|Any CPU
		{5BA81BBB-FB87-4363-80D2-80BF3881C097}.Debug|Any CPU.Build.0 = Debug|Any CPU
		{5BA81BBB-FB87-4363-80D2-80BF3881C097}.Release|Any CPU.ActiveCfg = Release|Any CPU
		{5BA81BBB-FB87-4363-80D2-80BF3881C097}.Release|Any CPU.Build.0 = Release|Any CPU
	EndGlobalSection
	GlobalSection(SolutionProperties) = preSolution
		HideSolutionNode = FALSE
	EndGlobalSection
	GlobalSection(ExtensibilityGlobals) = postSolution
		SolutionGuid = {ED4EF431-6A6B-40EA-BFD3-4CE38E532128}
	EndGlobalSection
EndGlobal
